# This file is automatically @generated by Cargo.
# It is not intended for manual editing.
version = 3

[[package]]
name = "wasi-nn"
version = "0.3.0"
source = "registry+https://github.com/rust-lang/crates.io-index"
checksum = "1820aa9f0aa2f1e240d52f65179f9ab2fc7afdbec2ee58ed6fe3c3dbf074fdfd"

[[package]]
name = "wasm_sd"
version = "0.1.0"
dependencies = [
 "wasi-nn",
]
